
Microsoft Visual Studio Solution File, Format Version 12.00
Project("{2150E333-8FDC-42A3-9474-1A3956D46DE8}") = "INV", "INV", "{D47BB326-9898-4206-9982-746B75D49CE2}"
EndProject
Project("{2150E333-8FDC-42A3-9474-1A3956D46DE8}") = "Users", "Users", "{6EC37C92-B67A-4E85-BD4D-5FF0373B6D7F}"
EndProject
Project("{FAE04EC0-301F-11D3-BF4B-00C04F79EFBC}") = "INV.App", "INV.App\INV.App.csproj", "{DD8B2F0C-9879-4BA1-B1AD-A38C8F8D92E6}"
EndProject
Project("{FAE04EC0-301F-11D3-BF4B-00C04F79EFBC}") = "INV.Domain", "INV.Domain\INV.Domain.csproj", "{6905ACD5-6E5D-44C1-937C-3F57DD6E1ED8}"
EndProject
Project("{FAE04EC0-301F-11D3-BF4B-00C04F79EFBC}") = "INV.Infrastructure", "INV.Infrastructure\INV.Infrastructure.csproj", "{58227CE6-8621-4565-BD75-4AF665172459}"
EndProject
Project("{FAE04EC0-301F-11D3-BF4B-00C04F79EFBC}") = "Web", "Web\Web.csproj", "{C4A70422-573D-4D8A-81A1-9923CD3A5846}"
EndProject
Project("{FAE04EC0-301F-11D3-BF4B-00C04F79EFBC}") = "INV.Implementation", "INV.Implementation\INV.Implementation.csproj", "{6AB83862-F6EF-4941-BA4D-C266AFB3447B}"
EndProject
Global
	GlobalSection(SolutionConfigurationPlatforms) = preSolution
		Debug|Any CPU = Debug|Any CPU
		Release|Any CPU = Release|Any CPU
	EndGlobalSection
	GlobalSection(ProjectConfigurationPlatforms) = postSolution
		{DD8B2F0C-9879-4BA1-B1AD-A38C8F8D92E6}.Debug|Any CPU.ActiveCfg = Debug|Any CPU
		{DD8B2F0C-9879-4BA1-B1AD-A38C8F8D92E6}.Debug|Any CPU.Build.0 = Debug|Any CPU
		{DD8B2F0C-9879-4BA1-B1AD-A38C8F8D92E6}.Release|Any CPU.ActiveCfg = Release|Any CPU
		{DD8B2F0C-9879-4BA1-B1AD-A38C8F8D92E6}.Release|Any CPU.Build.0 = Release|Any CPU
		{6905ACD5-6E5D-44C1-937C-3F57DD6E1ED8}.Debug|Any CPU.ActiveCfg = Debug|Any CPU
		{6905ACD5-6E5D-44C1-937C-3F57DD6E1ED8}.Debug|Any CPU.Build.0 = Debug|Any CPU
		{6905ACD5-6E5D-44C1-937C-3F57DD6E1ED8}.Release|Any CPU.ActiveCfg = Release|Any CPU
		{6905ACD5-6E5D-44C1-937C-3F57DD6E1ED8}.Release|Any CPU.Build.0 = Release|Any CPU
		{58227CE6-8621-4565-BD75-4AF665172459}.Debug|Any CPU.ActiveCfg = Debug|Any CPU
		{58227CE6-8621-4565-BD75-4AF665172459}.Debug|Any CPU.Build.0 = Debug|Any CPU
		{58227CE6-8621-4565-BD75-4AF665172459}.Release|Any CPU.ActiveCfg = Release|Any CPU
		{58227CE6-8621-4565-BD75-4AF665172459}.Release|Any CPU.Build.0 = Release|Any CPU
		{C4A70422-573D-4D8A-81A1-9923CD3A5846}.Debug|Any CPU.ActiveCfg = Debug|Any CPU
		{C4A70422-573D-4D8A-81A1-9923CD3A5846}.Debug|Any CPU.Build.0 = Debug|Any CPU
		{C4A70422-573D-4D8A-81A1-9923CD3A5846}.Release|Any CPU.ActiveCfg = Release|Any CPU
		{C4A70422-573D-4D8A-81A1-9923CD3A5846}.Release|Any CPU.Build.0 = Release|Any CPU
		{6AB83862-F6EF-4941-BA4D-C266AFB3447B}.Debug|Any CPU.ActiveCfg = Debug|Any CPU
		{6AB83862-F6EF-4941-BA4D-C266AFB3447B}.Debug|Any CPU.Build.0 = Debug|Any CPU
		{6AB83862-F6EF-4941-BA4D-C266AFB3447B}.Release|Any CPU.ActiveCfg = Release|Any CPU
		{6AB83862-F6EF-4941-BA4D-C266AFB3447B}.Release|Any CPU.Build.0 = Release|Any CPU
	EndGlobalSection
	GlobalSection(NestedProjects) = preSolution
		{DD8B2F0C-9879-4BA1-B1AD-A38C8F8D92E6} = {D47BB326-9898-4206-9982-746B75D49CE2}
		{6905ACD5-6E5D-44C1-937C-3F57DD6E1ED8} = {D47BB326-9898-4206-9982-746B75D49CE2}
		{58227CE6-8621-4565-BD75-4AF665172459} = {D47BB326-9898-4206-9982-746B75D49CE2}
		{6AB83862-F6EF-4941-BA4D-C266AFB3447B} = {D47BB326-9898-4206-9982-746B75D49CE2}
	EndGlobalSection
EndGlobal
