
Microsoft Visual Studio Solution File, Format Version 12.00
Project("{2150E333-8FDC-42A3-9474-1A3956D46DE8}") = "INV", "INV", "{D47BB326-9898-4206-9982-746B75D49CE2}"
EndProject
Project("{FAE04EC0-301F-11D3-BF4B-00C04F79EFBC}") = "INV.Web", "INV.Web\INV.Web.csproj", "{A6F4CA34-7B14-48BA-8DC8-7F0FAD36FC96}"
EndProject
Project("{2150E333-8FDC-42A3-9474-1A3956D46DE8}") = "Users", "Users", "{6EC37C92-B67A-4E85-BD4D-5FF0373B6D7F}"
EndProject
Project("{FAE04EC0-301F-11D3-BF4B-00C04F79EFBC}") = "INV.App", "INV.App\INV.App.csproj", "{DD8B2F0C-9879-4BA1-B1AD-A38C8F8D92E6}"
EndProject
Project("{FAE04EC0-301F-11D3-BF4B-00C04F79EFBC}") = "INV.Domain", "INV.Domain\INV.Domain.csproj", "{6905ACD5-6E5D-44C1-937C-3F57DD6E1ED8}"
EndProject
Project("{FAE04EC0-301F-11D3-BF4B-00C04F79EFBC}") = "INV.Implementation", "INV.Implementation\INV.Implementation.csproj", "{F9A77832-FDDE-45F5-9517-6656F0D4C261}"
EndProject
Project("{FAE04EC0-301F-11D3-BF4B-00C04F79EFBC}") = "INV.Infrasrtacture", "INV.Infrasrtacture\INV.Infrasrtacture.csproj", "{2D72407C-D16A-42B6-BEC3-98ACE25B0C5D}"
EndProject
Global
	GlobalSection(SolutionConfigurationPlatforms) = preSolution
		Debug|Any CPU = Debug|Any CPU
		Release|Any CPU = Release|Any CPU
	EndGlobalSection
	GlobalSection(ProjectConfigurationPlatforms) = postSolution
		{A6F4CA34-7B14-48BA-8DC8-7F0FAD36FC96}.Debug|Any CPU.ActiveCfg = Debug|Any CPU
		{A6F4CA34-7B14-48BA-8DC8-7F0FAD36FC96}.Debug|Any CPU.Build.0 = Debug|Any CPU
		{A6F4CA34-7B14-48BA-8DC8-7F0FAD36FC96}.Release|Any CPU.ActiveCfg = Release|Any CPU
		{A6F4CA34-7B14-48BA-8DC8-7F0FAD36FC96}.Release|Any CPU.Build.0 = Release|Any CPU
		{DD8B2F0C-9879-4BA1-B1AD-A38C8F8D92E6}.Debug|Any CPU.ActiveCfg = Debug|Any CPU
		{DD8B2F0C-9879-4BA1-B1AD-A38C8F8D92E6}.Debug|Any CPU.Build.0 = Debug|Any CPU
		{DD8B2F0C-9879-4BA1-B1AD-A38C8F8D92E6}.Release|Any CPU.ActiveCfg = Release|Any CPU
		{DD8B2F0C-9879-4BA1-B1AD-A38C8F8D92E6}.Release|Any CPU.Build.0 = Release|Any CPU
		{6905ACD5-6E5D-44C1-937C-3F57DD6E1ED8}.Debug|Any CPU.ActiveCfg = Debug|Any CPU
		{6905ACD5-6E5D-44C1-937C-3F57DD6E1ED8}.Debug|Any CPU.Build.0 = Debug|Any CPU
		{6905ACD5-6E5D-44C1-937C-3F57DD6E1ED8}.Release|Any CPU.ActiveCfg = Release|Any CPU
		{6905ACD5-6E5D-44C1-937C-3F57DD6E1ED8}.Release|Any CPU.Build.0 = Release|Any CPU
		{F9A77832-FDDE-45F5-9517-6656F0D4C261}.Debug|Any CPU.ActiveCfg = Debug|Any CPU
		{F9A77832-FDDE-45F5-9517-6656F0D4C261}.Debug|Any CPU.Build.0 = Debug|Any CPU
		{F9A77832-FDDE-45F5-9517-6656F0D4C261}.Release|Any CPU.ActiveCfg = Release|Any CPU
		{F9A77832-FDDE-45F5-9517-6656F0D4C261}.Release|Any CPU.Build.0 = Release|Any CPU
		{2D72407C-D16A-42B6-BEC3-98ACE25B0C5D}.Debug|Any CPU.ActiveCfg = Debug|Any CPU
		{2D72407C-D16A-42B6-BEC3-98ACE25B0C5D}.Debug|Any CPU.Build.0 = Debug|Any CPU
		{2D72407C-D16A-42B6-BEC3-98ACE25B0C5D}.Release|Any CPU.ActiveCfg = Release|Any CPU
		{2D72407C-D16A-42B6-BEC3-98ACE25B0C5D}.Release|Any CPU.Build.0 = Release|Any CPU
	EndGlobalSection
	GlobalSection(NestedProjects) = preSolution
		{DD8B2F0C-9879-4BA1-B1AD-A38C8F8D92E6} = {D47BB326-9898-4206-9982-746B75D49CE2}
		{6905ACD5-6E5D-44C1-937C-3F57DD6E1ED8} = {D47BB326-9898-4206-9982-746B75D49CE2}
		{F9A77832-FDDE-45F5-9517-6656F0D4C261} = {D47BB326-9898-4206-9982-746B75D49CE2}
		{2D72407C-D16A-42B6-BEC3-98ACE25B0C5D} = {D47BB326-9898-4206-9982-746B75D49CE2}
	EndGlobalSection
EndGlobal
